
Microsoft Visual Studio Solution File, Format Version 12.00
# Visual Studio Version 17
VisualStudioVersion = 17.8.34316.72
MinimumVisualStudioVersion = 10.0.40219.1
Project("{FAE04EC0-301F-11D3-BF4B-00C04F79EFBC}") = "AirBnb.Api", "AirBnb.Api\AirBnb.Api.csproj", "{A09A6911-AF42-4239-AA9C-0C8D775736BE}"
EndProject
Project("{FAE04EC0-301F-11D3-BF4B-00C04F79EFBC}") = "AirBnb.Application", "AirBnb.Application\AirBnb.Application.csproj", "{18282CD2-58C5-4339-9F3A-016FF8C541E7}"
EndProject
Project("{FAE04EC0-301F-11D3-BF4B-00C04F79EFBC}") = "AirBnb.Domain", "AirBnb.Domain\AirBnb.Domain.csproj", "{8C688279-F839-412E-922E-4CC5AD4C5A94}"
EndProject
Project("{FAE04EC0-301F-11D3-BF4B-00C04F79EFBC}") = "AirBnb.Infrastructure", "AirBnb.Infrastructure\AirBnb.Infrastructure.csproj", "{A9B756D9-0A9F-4187-9062-E28EAC36D57E}"
EndProject
Project("{FAE04EC0-301F-11D3-BF4B-00C04F79EFBC}") = "AirBnb.Persistence", "AirBnb.Persistence\AirBnb.Persistence.csproj", "{AA098703-3E34-48E4-9DAF-9C2023688194}"
EndProject
Global
	GlobalSection(SolutionConfigurationPlatforms) = preSolution
		Debug|Any CPU = Debug|Any CPU
		Release|Any CPU = Release|Any CPU
	EndGlobalSection
	GlobalSection(ProjectConfigurationPlatforms) = postSolution
		{A09A6911-AF42-4239-AA9C-0C8D775736BE}.Debug|Any CPU.ActiveCfg = Debug|Any CPU
		{A09A6911-AF42-4239-AA9C-0C8D775736BE}.Debug|Any CPU.Build.0 = Debug|Any CPU
		{A09A6911-AF42-4239-AA9C-0C8D775736BE}.Release|Any CPU.ActiveCfg = Release|Any CPU
		{A09A6911-AF42-4239-AA9C-0C8D775736BE}.Release|Any CPU.Build.0 = Release|Any CPU
		{18282CD2-58C5-4339-9F3A-016FF8C541E7}.Debug|Any CPU.ActiveCfg = Debug|Any CPU
		{18282CD2-58C5-4339-9F3A-016FF8C541E7}.Debug|Any CPU.Build.0 = Debug|Any CPU
		{18282CD2-58C5-4339-9F3A-016FF8C541E7}.Release|Any CPU.ActiveCfg = Release|Any CPU
		{18282CD2-58C5-4339-9F3A-016FF8C541E7}.Release|Any CPU.Build.0 = Release|Any CPU
		{8C688279-F839-412E-922E-4CC5AD4C5A94}.Debug|Any CPU.ActiveCfg = Debug|Any CPU
		{8C688279-F839-412E-922E-4CC5AD4C5A94}.Debug|Any CPU.Build.0 = Debug|Any CPU
		{8C688279-F839-412E-922E-4CC5AD4C5A94}.Release|Any CPU.ActiveCfg = Release|Any CPU
		{8C688279-F839-412E-922E-4CC5AD4C5A94}.Release|Any CPU.Build.0 = Release|Any CPU
		{A9B756D9-0A9F-4187-9062-E28EAC36D57E}.Debug|Any CPU.ActiveCfg = Debug|Any CPU
		{A9B756D9-0A9F-4187-9062-E28EAC36D57E}.Debug|Any CPU.Build.0 = Debug|Any CPU
		{A9B756D9-0A9F-4187-9062-E28EAC36D57E}.Release|Any CPU.ActiveCfg = Release|Any CPU
		{A9B756D9-0A9F-4187-9062-E28EAC36D57E}.Release|Any CPU.Build.0 = Release|Any CPU
		{AA098703-3E34-48E4-9DAF-9C2023688194}.Debug|Any CPU.ActiveCfg = Debug|Any CPU
		{AA098703-3E34-48E4-9DAF-9C2023688194}.Debug|Any CPU.Build.0 = Debug|Any CPU
		{AA098703-3E34-48E4-9DAF-9C2023688194}.Release|Any CPU.ActiveCfg = Release|Any CPU
		{AA098703-3E34-48E4-9DAF-9C2023688194}.Release|Any CPU.Build.0 = Release|Any CPU
	EndGlobalSection
	GlobalSection(SolutionProperties) = preSolution
		HideSolutionNode = FALSE
	EndGlobalSection
	GlobalSection(ExtensibilityGlobals) = postSolution
		SolutionGuid = {549F9E0B-10EC-4B8C-82D3-3B8AD66F41A6}
	EndGlobalSection
EndGlobal
